
Microsoft Visual Studio Solution File, Format Version 12.00
# Visual Studio 15
VisualStudioVersion = 15.0.28307.572
MinimumVisualStudioVersion = 10.0.40219.1
Project("{9A19103F-16F7-4668-BE54-9A1E7A4F7556}") = "Kenpotatakai", "Kenpotatakai\Kenpotatakai.csproj", "{2297FD70-31D1-4541-93A7-176C7D021E85}"
EndProject
Project("{9A19103F-16F7-4668-BE54-9A1E7A4F7556}") = "Kenpotatakai.Client", "Kenpotatakai.Client\Kenpotatakai.Client.csproj", "{7E3546F6-5B0D-48A2-A763-A05887CBAB36}"
EndProject
Project("{9A19103F-16F7-4668-BE54-9A1E7A4F7556}") = "Kenpotatakai.Core", "Kenpotatakai.Core\Kenpotatakai.Core.csproj", "{BD135308-4442-4219-BE09-C61B05949F88}"
EndProject
Global
	GlobalSection(SolutionConfigurationPlatforms) = preSolution
		Debug|Any CPU = Debug|Any CPU
		Release|Any CPU = Release|Any CPU
	EndGlobalSection
	GlobalSection(ProjectConfigurationPlatforms) = postSolution
		{2297FD70-31D1-4541-93A7-176C7D021E85}.Debug|Any CPU.ActiveCfg = Debug|Any CPU
		{2297FD70-31D1-4541-93A7-176C7D021E85}.Debug|Any CPU.Build.0 = Debug|Any CPU
		{2297FD70-31D1-4541-93A7-176C7D021E85}.Release|Any CPU.ActiveCfg = Release|Any CPU
		{2297FD70-31D1-4541-93A7-176C7D021E85}.Release|Any CPU.Build.0 = Release|Any CPU
		{7E3546F6-5B0D-48A2-A763-A05887CBAB36}.Debug|Any CPU.ActiveCfg = Debug|Any CPU
		{7E3546F6-5B0D-48A2-A763-A05887CBAB36}.Debug|Any CPU.Build.0 = Debug|Any CPU
		{7E3546F6-5B0D-48A2-A763-A05887CBAB36}.Release|Any CPU.ActiveCfg = Release|Any CPU
		{7E3546F6-5B0D-48A2-A763-A05887CBAB36}.Release|Any CPU.Build.0 = Release|Any CPU
		{BD135308-4442-4219-BE09-C61B05949F88}.Debug|Any CPU.ActiveCfg = Debug|Any CPU
		{BD135308-4442-4219-BE09-C61B05949F88}.Debug|Any CPU.Build.0 = Debug|Any CPU
		{BD135308-4442-4219-BE09-C61B05949F88}.Release|Any CPU.ActiveCfg = Release|Any CPU
		{BD135308-4442-4219-BE09-C61B05949F88}.Release|Any CPU.Build.0 = Release|Any CPU
	EndGlobalSection
	GlobalSection(SolutionProperties) = preSolution
		HideSolutionNode = FALSE
	EndGlobalSection
	GlobalSection(ExtensibilityGlobals) = postSolution
		SolutionGuid = {DB5BA992-5982-4F10-9FA4-581DD4575BB4}
	EndGlobalSection
EndGlobal
